// !$*UTF8*$!
{
	archiveVersion = 1;
	classes = {
	};
	objectVersion = 46;
	objects = {

/* Begin PBXBuildFile section */
		6217B79E1803591A00194120 /* heatmap@2x.png in Resources */ = {isa = PBXBuildFile; fileRef = 6217B79D1803591A00194120 /* heatmap@2x.png */; };
		6217B7A2180359BD00194120 /* HeatmapAnnotationView.m in Sources */ = {isa = PBXBuildFile; fileRef = 6217B7A1180359BD00194120 /* HeatmapAnnotationView.m */; };
		6217B7A418035AB100194120 /* heatmap.png in Resources */ = {isa = PBXBuildFile; fileRef = 6217B7A318035AB100194120 /* heatmap.png */; };
		626B424917FD37600088405A /* RatingDetailView.m in Sources */ = {isa = PBXBuildFile; fileRef = 626B424817FD37600088405A /* RatingDetailView.m */; };
		629EE1011804C19400DF50DB /* libkeep-sdk.a in Frameworks */ = {isa = PBXBuildFile; fileRef = 629EE1001804C19400DF50DB /* libkeep-sdk.a */; };
		62DC117B17FB2F76006FB4A4 /* Foundation.framework in Frameworks */ = {isa = PBXBuildFile; fileRef = 62DC117A17FB2F76006FB4A4 /* Foundation.framework */; };
		62DC117D17FB2F76006FB4A4 /* CoreGraphics.framework in Frameworks */ = {isa = PBXBuildFile; fileRef = 62DC117C17FB2F76006FB4A4 /* CoreGraphics.framework */; };
		62DC117F17FB2F76006FB4A4 /* UIKit.framework in Frameworks */ = {isa = PBXBuildFile; fileRef = 62DC117E17FB2F76006FB4A4 /* UIKit.framework */; };
		62DC118517FB2F76006FB4A4 /* InfoPlist.strings in Resources */ = {isa = PBXBuildFile; fileRef = 62DC118317FB2F76006FB4A4 /* InfoPlist.strings */; };
		62DC118717FB2F76006FB4A4 /* main.m in Sources */ = {isa = PBXBuildFile; fileRef = 62DC118617FB2F76006FB4A4 /* main.m */; };
		62DC118B17FB2F76006FB4A4 /* AppDelegate.m in Sources */ = {isa = PBXBuildFile; fileRef = 62DC118A17FB2F76006FB4A4 /* AppDelegate.m */; };
		62DC118D17FB2F76006FB4A4 /* Images.xcassets in Resources */ = {isa = PBXBuildFile; fileRef = 62DC118C17FB2F76006FB4A4 /* Images.xcassets */; };
		62DC119417FB2F76006FB4A4 /* XCTest.framework in Frameworks */ = {isa = PBXBuildFile; fileRef = 62DC119317FB2F76006FB4A4 /* XCTest.framework */; };
		62DC119517FB2F76006FB4A4 /* Foundation.framework in Frameworks */ = {isa = PBXBuildFile; fileRef = 62DC117A17FB2F76006FB4A4 /* Foundation.framework */; };
		62DC119617FB2F76006FB4A4 /* UIKit.framework in Frameworks */ = {isa = PBXBuildFile; fileRef = 62DC117E17FB2F76006FB4A4 /* UIKit.framework */; };
		62DC119E17FB2F76006FB4A4 /* InfoPlist.strings in Resources */ = {isa = PBXBuildFile; fileRef = 62DC119C17FB2F76006FB4A4 /* InfoPlist.strings */; };
		62DC11A017FB2F76006FB4A4 /* myoasisTests.m in Sources */ = {isa = PBXBuildFile; fileRef = 62DC119F17FB2F76006FB4A4 /* myoasisTests.m */; };
		62DC11AC17FB3461006FB4A4 /* MainNavView.xib in Resources */ = {isa = PBXBuildFile; fileRef = 62DC11AB17FB3461006FB4A4 /* MainNavView.xib */; };
		62DC11AF17FB3873006FB4A4 /* LocalMapView.xib in Resources */ = {isa = PBXBuildFile; fileRef = 62DC11AE17FB3873006FB4A4 /* LocalMapView.xib */; };
		62DC11B117FB3923006FB4A4 /* MapKit.framework in Frameworks */ = {isa = PBXBuildFile; fileRef = 62DC11B017FB3923006FB4A4 /* MapKit.framework */; };
		62DC11B417FB39A4006FB4A4 /* LocalMapViewController.m in Sources */ = {isa = PBXBuildFile; fileRef = 62DC11B317FB39A4006FB4A4 /* LocalMapViewController.m */; };
		62DC11BD17FB543E006FB4A4 /* RatingMenuView.m in Sources */ = {isa = PBXBuildFile; fileRef = 62DC11BC17FB543E006FB4A4 /* RatingMenuView.m */; };
		62DC11C117FB565A006FB4A4 /* sad.png in Resources */ = {isa = PBXBuildFile; fileRef = 62DC11BF17FB565A006FB4A4 /* sad.png */; };
		62DC11C217FB565A006FB4A4 /* sad@2x.png in Resources */ = {isa = PBXBuildFile; fileRef = 62DC11C017FB565A006FB4A4 /* sad@2x.png */; };
		62DC11C417FB6D2B006FB4A4 /* MainMenu.xib in Resources */ = {isa = PBXBuildFile; fileRef = 62DC11C317FB6D2B006FB4A4 /* MainMenu.xib */; };
		62DC11C717FC8655006FB4A4 /* ImageTaggerViewController.m in Sources */ = {isa = PBXBuildFile; fileRef = 62DC11C617FC8655006FB4A4 /* ImageTaggerViewController.m */; };
		62DC11CA17FC9017006FB4A4 /* bg-add-rating@2x.png in Resources */ = {isa = PBXBuildFile; fileRef = 62DC11C817FC9017006FB4A4 /* bg-add-rating@2x.png */; };
		62DC11CB17FC9017006FB4A4 /* bg-add-rating.png in Resources */ = {isa = PBXBuildFile; fileRef = 62DC11C917FC9017006FB4A4 /* bg-add-rating.png */; };
		62DC11CE17FC913A006FB4A4 /* bg-rating-item.png in Resources */ = {isa = PBXBuildFile; fileRef = 62DC11CC17FC913A006FB4A4 /* bg-rating-item.png */; };
		62DC11CF17FC913A006FB4A4 /* bg-rating-item@2x.png in Resources */ = {isa = PBXBuildFile; fileRef = 62DC11CD17FC913A006FB4A4 /* bg-rating-item@2x.png */; };
		62DC11D217FC9321006FB4A4 /* bg-rating-item-highlighted.png in Resources */ = {isa = PBXBuildFile; fileRef = 62DC11D017FC9321006FB4A4 /* bg-rating-item-highlighted.png */; };
		62DC11D317FC9321006FB4A4 /* bg-rating-item-highlighted@2x.png in Resources */ = {isa = PBXBuildFile; fileRef = 62DC11D117FC9321006FB4A4 /* bg-rating-item-highlighted@2x.png */; };
		62DC11D917FC95FE006FB4A4 /* biohazard.png in Resources */ = {isa = PBXBuildFile; fileRef = 62DC11D717FC95FE006FB4A4 /* biohazard.png */; };
		62DC11DA17FC95FE006FB4A4 /* biohazard@2x.png in Resources */ = {isa = PBXBuildFile; fileRef = 62DC11D817FC95FE006FB4A4 /* biohazard@2x.png */; };
		62DC11DD17FC96D9006FB4A4 /* meh.png in Resources */ = {isa = PBXBuildFile; fileRef = 62DC11DB17FC96D9006FB4A4 /* meh.png */; };
		62DC11DE17FC96D9006FB4A4 /* meh@2x.png in Resources */ = {isa = PBXBuildFile; fileRef = 62DC11DC17FC96D9006FB4A4 /* meh@2x.png */; };
		62DC663D17FDD56E0034EDC5 /* comment@2x.png in Resources */ = {isa = PBXBuildFile; fileRef = 62DC663C17FDD56E0034EDC5 /* comment@2x.png */; };
		62DC664317FDE3710034EDC5 /* thumbs-down@2x.png in Resources */ = {isa = PBXBuildFile; fileRef = 62DC663E17FDE3710034EDC5 /* thumbs-down@2x.png */; };
		62DC664417FDE3710034EDC5 /* thumbs-down.png in Resources */ = {isa = PBXBuildFile; fileRef = 62DC663F17FDE3710034EDC5 /* thumbs-down.png */; };
		62DC664517FDE3710034EDC5 /* thumbs-up@2x.png in Resources */ = {isa = PBXBuildFile; fileRef = 62DC664017FDE3710034EDC5 /* thumbs-up@2x.png */; };
		62DC664617FDE3710034EDC5 /* thumbs-up.png in Resources */ = {isa = PBXBuildFile; fileRef = 62DC664117FDE3710034EDC5 /* thumbs-up.png */; };
		62DC664717FDE3710034EDC5 /* comment.png in Resources */ = {isa = PBXBuildFile; fileRef = 62DC664217FDE3710034EDC5 /* comment.png */; };
		62ECC96D17FD003100FA0422 /* RatingAnnotationView.m in Sources */ = {isa = PBXBuildFile; fileRef = 62ECC96C17FD003100FA0422 /* RatingAnnotationView.m */; };
		62ECC97017FD043F00FA0422 /* RatingAnnotation.m in Sources */ = {isa = PBXBuildFile; fileRef = 62ECC96F17FD043F00FA0422 /* RatingAnnotation.m */; };
		62ECC97317FD08AA00FA0422 /* meh-annotation@2x.png in Resources */ = {isa = PBXBuildFile; fileRef = 62ECC97217FD08AA00FA0422 /* meh-annotation@2x.png */; };
		62ECC97917FD096000FA0422 /* biohazard-annotation.png in Resources */ = {isa = PBXBuildFile; fileRef = 62ECC97417FD096000FA0422 /* biohazard-annotation.png */; };
		62ECC97A17FD096000FA0422 /* biohazard-annotation@2x.png in Resources */ = {isa = PBXBuildFile; fileRef = 62ECC97517FD096000FA0422 /* biohazard-annotation@2x.png */; };
		62ECC97B17FD096000FA0422 /* meh-annotation.png in Resources */ = {isa = PBXBuildFile; fileRef = 62ECC97617FD096000FA0422 /* meh-annotation.png */; };
		62ECC97C17FD096000FA0422 /* sad-annotation.png in Resources */ = {isa = PBXBuildFile; fileRef = 62ECC97717FD096000FA0422 /* sad-annotation.png */; };
		62ECC97D17FD096000FA0422 /* sad-annotation@2x.png in Resources */ = {isa = PBXBuildFile; fileRef = 62ECC97817FD096000FA0422 /* sad-annotation@2x.png */; };
		E9DCBE8FE91A4358835ED631 /* libPods.a in Frameworks */ = {isa = PBXBuildFile; fileRef = C81A61CA6E5F4861A566CB15 /* libPods.a */; };
/* End PBXBuildFile section */

/* Begin PBXContainerItemProxy section */
		629EE1071804C25000DF50DB /* PBXContainerItemProxy */ = {
			isa = PBXContainerItemProxy;
			containerPortal = 629EE1021804C25000DF50DB /* keep-sdk.xcodeproj */;
			proxyType = 2;
			remoteGlobalIDString = 629EE0CF1804B79100DF50DB;
			remoteInfo = "keep-sdk";
		};
		629EE1091804C25000DF50DB /* PBXContainerItemProxy */ = {
			isa = PBXContainerItemProxy;
			containerPortal = 629EE1021804C25000DF50DB /* keep-sdk.xcodeproj */;
			proxyType = 2;
			remoteGlobalIDString = 629EE0DF1804B79200DF50DB;
			remoteInfo = "keep-sdkTests";
		};
		629EE10B1804C2CF00DF50DB /* PBXContainerItemProxy */ = {
			isa = PBXContainerItemProxy;
			containerPortal = 629EE1021804C25000DF50DB /* keep-sdk.xcodeproj */;
			proxyType = 1;
			remoteGlobalIDString = 629EE0CE1804B79100DF50DB;
			remoteInfo = "keep-sdk";
		};
		62DC119717FB2F76006FB4A4 /* PBXContainerItemProxy */ = {
			isa = PBXContainerItemProxy;
			containerPortal = 62DC116F17FB2F76006FB4A4 /* Project object */;
			proxyType = 1;
			remoteGlobalIDString = 62DC117617FB2F76006FB4A4;
			remoteInfo = myoasis;
		};
/* End PBXContainerItemProxy section */

/* Begin PBXFileReference section */
		6217B79D1803591A00194120 /* heatmap@2x.png */ = {isa = PBXFileReference; lastKnownFileType = image.png; path = "heatmap@2x.png"; sourceTree = "<group>"; };
		6217B7A0180359BD00194120 /* HeatmapAnnotationView.h */ = {isa = PBXFileReference; fileEncoding = 4; lastKnownFileType = sourcecode.c.h; name = HeatmapAnnotationView.h; path = Views/HeatmapAnnotationView.h; sourceTree = "<group>"; };
		6217B7A1180359BD00194120 /* HeatmapAnnotationView.m */ = {isa = PBXFileReference; fileEncoding = 4; lastKnownFileType = sourcecode.c.objc; name = HeatmapAnnotationView.m; path = Views/HeatmapAnnotationView.m; sourceTree = "<group>"; };
		6217B7A318035AB100194120 /* heatmap.png */ = {isa = PBXFileReference; lastKnownFileType = image.png; path = heatmap.png; sourceTree = "<group>"; };
		626B424717FD37600088405A /* RatingDetailView.h */ = {isa = PBXFileReference; fileEncoding = 4; lastKnownFileType = sourcecode.c.h; name = RatingDetailView.h; path = Views/RatingDetailView.h; sourceTree = "<group>"; };
		626B424817FD37600088405A /* RatingDetailView.m */ = {isa = PBXFileReference; fileEncoding = 4; lastKnownFileType = sourcecode.c.objc; name = RatingDetailView.m; path = Views/RatingDetailView.m; sourceTree = "<group>"; };
		629EE0F81804B7BD00DF50DB /* libkeep-sdk.a */ = {isa = PBXFileReference; lastKnownFileType = file; name = "libkeep-sdk.a"; path = "keep-sdk/build/Debug-iphoneos/libkeep-sdk.a"; sourceTree = "<group>"; };
		629EE0FC1804BACA00DF50DB /* libkeep-sdk.a */ = {isa = PBXFileReference; lastKnownFileType = file; name = "libkeep-sdk.a"; path = "keep-sdk/build/Debug-iphoneos/libkeep-sdk.a"; sourceTree = "<group>"; };
		629EE1001804C19400DF50DB /* libkeep-sdk.a */ = {isa = PBXFileReference; lastKnownFileType = file; name = "libkeep-sdk.a"; path = "keep-sdk/build/Debug-iphoneos/libkeep-sdk.a"; sourceTree = "<group>"; };
		629EE1021804C25000DF50DB /* keep-sdk.xcodeproj */ = {isa = PBXFileReference; lastKnownFileType = "wrapper.pb-project"; name = "keep-sdk.xcodeproj"; path = "keep-sdk/keep-sdk.xcodeproj"; sourceTree = "<group>"; };
		62DC117717FB2F76006FB4A4 /* myoasis.app */ = {isa = PBXFileReference; explicitFileType = wrapper.application; includeInIndex = 0; path = myoasis.app; sourceTree = BUILT_PRODUCTS_DIR; };
		62DC117A17FB2F76006FB4A4 /* Foundation.framework */ = {isa = PBXFileReference; lastKnownFileType = wrapper.framework; name = Foundation.framework; path = System/Library/Frameworks/Foundation.framework; sourceTree = SDKROOT; };
		62DC117C17FB2F76006FB4A4 /* CoreGraphics.framework */ = {isa = PBXFileReference; lastKnownFileType = wrapper.framework; name = CoreGraphics.framework; path = System/Library/Frameworks/CoreGraphics.framework; sourceTree = SDKROOT; };
		62DC117E17FB2F76006FB4A4 /* UIKit.framework */ = {isa = PBXFileReference; lastKnownFileType = wrapper.framework; name = UIKit.framework; path = System/Library/Frameworks/UIKit.framework; sourceTree = SDKROOT; };
		62DC118217FB2F76006FB4A4 /* myoasis-Info.plist */ = {isa = PBXFileReference; lastKnownFileType = text.plist.xml; path = "myoasis-Info.plist"; sourceTree = "<group>"; };
		62DC118417FB2F76006FB4A4 /* en */ = {isa = PBXFileReference; lastKnownFileType = text.plist.strings; name = en; path = en.lproj/InfoPlist.strings; sourceTree = "<group>"; };
		62DC118617FB2F76006FB4A4 /* main.m */ = {isa = PBXFileReference; lastKnownFileType = sourcecode.c.objc; path = main.m; sourceTree = "<group>"; };
		62DC118817FB2F76006FB4A4 /* myoasis-Prefix.pch */ = {isa = PBXFileReference; lastKnownFileType = sourcecode.c.h; path = "myoasis-Prefix.pch"; sourceTree = "<group>"; };
		62DC118917FB2F76006FB4A4 /* AppDelegate.h */ = {isa = PBXFileReference; lastKnownFileType = sourcecode.c.h; path = AppDelegate.h; sourceTree = "<group>"; };
		62DC118A17FB2F76006FB4A4 /* AppDelegate.m */ = {isa = PBXFileReference; lastKnownFileType = sourcecode.c.objc; path = AppDelegate.m; sourceTree = "<group>"; };
		62DC118C17FB2F76006FB4A4 /* Images.xcassets */ = {isa = PBXFileReference; lastKnownFileType = folder.assetcatalog; path = Images.xcassets; sourceTree = "<group>"; };
		62DC119217FB2F76006FB4A4 /* myoasisTests.xctest */ = {isa = PBXFileReference; explicitFileType = wrapper.cfbundle; includeInIndex = 0; path = myoasisTests.xctest; sourceTree = BUILT_PRODUCTS_DIR; };
		62DC119317FB2F76006FB4A4 /* XCTest.framework */ = {isa = PBXFileReference; lastKnownFileType = wrapper.framework; name = XCTest.framework; path = Library/Frameworks/XCTest.framework; sourceTree = DEVELOPER_DIR; };
		62DC119B17FB2F76006FB4A4 /* myoasisTests-Info.plist */ = {isa = PBXFileReference; lastKnownFileType = text.plist.xml; path = "myoasisTests-Info.plist"; sourceTree = "<group>"; };
		62DC119D17FB2F76006FB4A4 /* en */ = {isa = PBXFileReference; lastKnownFileType = text.plist.strings; name = en; path = en.lproj/InfoPlist.strings; sourceTree = "<group>"; };
		62DC119F17FB2F76006FB4A4 /* myoasisTests.m */ = {isa = PBXFileReference; lastKnownFileType = sourcecode.c.objc; path = myoasisTests.m; sourceTree = "<group>"; };
		62DC11AB17FB3461006FB4A4 /* MainNavView.xib */ = {isa = PBXFileReference; fileEncoding = 4; lastKnownFileType = file.xib; name = MainNavView.xib; path = XIBs/MainNavView.xib; sourceTree = "<group>"; };
		62DC11AE17FB3873006FB4A4 /* LocalMapView.xib */ = {isa = PBXFileReference; fileEncoding = 4; lastKnownFileType = file.xib; name = LocalMapView.xib; path = XIBs/LocalMapView.xib; sourceTree = "<group>"; };
		62DC11B017FB3923006FB4A4 /* MapKit.framework */ = {isa = PBXFileReference; lastKnownFileType = wrapper.framework; name = MapKit.framework; path = System/Library/Frameworks/MapKit.framework; sourceTree = SDKROOT; };
		62DC11B217FB39A4006FB4A4 /* LocalMapViewController.h */ = {isa = PBXFileReference; fileEncoding = 4; lastKnownFileType = sourcecode.c.h; name = LocalMapViewController.h; path = Controllers/LocalMapViewController.h; sourceTree = "<group>"; };
		62DC11B317FB39A4006FB4A4 /* LocalMapViewController.m */ = {isa = PBXFileReference; fileEncoding = 4; lastKnownFileType = sourcecode.c.objc; name = LocalMapViewController.m; path = Controllers/LocalMapViewController.m; sourceTree = "<group>"; };
		62DC11BB17FB543E006FB4A4 /* RatingMenuView.h */ = {isa = PBXFileReference; fileEncoding = 4; lastKnownFileType = sourcecode.c.h; name = RatingMenuView.h; path = Views/RatingMenuView.h; sourceTree = "<group>"; };
		62DC11BC17FB543E006FB4A4 /* RatingMenuView.m */ = {isa = PBXFileReference; fileEncoding = 4; lastKnownFileType = sourcecode.c.objc; name = RatingMenuView.m; path = Views/RatingMenuView.m; sourceTree = "<group>"; };
		62DC11BF17FB565A006FB4A4 /* sad.png */ = {isa = PBXFileReference; lastKnownFileType = image.png; path = sad.png; sourceTree = "<group>"; };
		62DC11C017FB565A006FB4A4 /* sad@2x.png */ = {isa = PBXFileReference; lastKnownFileType = image.png; path = "sad@2x.png"; sourceTree = "<group>"; };
		62DC11C317FB6D2B006FB4A4 /* MainMenu.xib */ = {isa = PBXFileReference; fileEncoding = 4; lastKnownFileType = file.xib; name = MainMenu.xib; path = XIBs/MainMenu.xib; sourceTree = "<group>"; };
		62DC11C517FC8655006FB4A4 /* ImageTaggerViewController.h */ = {isa = PBXFileReference; fileEncoding = 4; lastKnownFileType = sourcecode.c.h; name = ImageTaggerViewController.h; path = Controllers/ImageTaggerViewController.h; sourceTree = "<group>"; };
		62DC11C617FC8655006FB4A4 /* ImageTaggerViewController.m */ = {isa = PBXFileReference; fileEncoding = 4; lastKnownFileType = sourcecode.c.objc; name = ImageTaggerViewController.m; path = Controllers/ImageTaggerViewController.m; sourceTree = "<group>"; };
		62DC11C817FC9017006FB4A4 /* bg-add-rating@2x.png */ = {isa = PBXFileReference; lastKnownFileType = image.png; path = "bg-add-rating@2x.png"; sourceTree = "<group>"; };
		62DC11C917FC9017006FB4A4 /* bg-add-rating.png */ = {isa = PBXFileReference; lastKnownFileType = image.png; path = "bg-add-rating.png"; sourceTree = "<group>"; };
		62DC11CC17FC913A006FB4A4 /* bg-rating-item.png */ = {isa = PBXFileReference; lastKnownFileType = image.png; path = "bg-rating-item.png"; sourceTree = "<group>"; };
		62DC11CD17FC913A006FB4A4 /* bg-rating-item@2x.png */ = {isa = PBXFileReference; lastKnownFileType = image.png; path = "bg-rating-item@2x.png"; sourceTree = "<group>"; };
		62DC11D017FC9321006FB4A4 /* bg-rating-item-highlighted.png */ = {isa = PBXFileReference; lastKnownFileType = image.png; path = "bg-rating-item-highlighted.png"; sourceTree = "<group>"; };
		62DC11D117FC9321006FB4A4 /* bg-rating-item-highlighted@2x.png */ = {isa = PBXFileReference; lastKnownFileType = image.png; path = "bg-rating-item-highlighted@2x.png"; sourceTree = "<group>"; };
		62DC11D717FC95FE006FB4A4 /* biohazard.png */ = {isa = PBXFileReference; lastKnownFileType = image.png; path = biohazard.png; sourceTree = "<group>"; };
		62DC11D817FC95FE006FB4A4 /* biohazard@2x.png */ = {isa = PBXFileReference; lastKnownFileType = image.png; path = "biohazard@2x.png"; sourceTree = "<group>"; };
		62DC11DB17FC96D9006FB4A4 /* meh.png */ = {isa = PBXFileReference; lastKnownFileType = image.png; path = meh.png; sourceTree = "<group>"; };
		62DC11DC17FC96D9006FB4A4 /* meh@2x.png */ = {isa = PBXFileReference; lastKnownFileType = image.png; path = "meh@2x.png"; sourceTree = "<group>"; };
		62DC663C17FDD56E0034EDC5 /* comment@2x.png */ = {isa = PBXFileReference; lastKnownFileType = image.png; path = "comment@2x.png"; sourceTree = "<group>"; };
		62DC663E17FDE3710034EDC5 /* thumbs-down@2x.png */ = {isa = PBXFileReference; lastKnownFileType = image.png; path = "thumbs-down@2x.png"; sourceTree = "<group>"; };
		62DC663F17FDE3710034EDC5 /* thumbs-down.png */ = {isa = PBXFileReference; lastKnownFileType = image.png; path = "thumbs-down.png"; sourceTree = "<group>"; };
		62DC664017FDE3710034EDC5 /* thumbs-up@2x.png */ = {isa = PBXFileReference; lastKnownFileType = image.png; path = "thumbs-up@2x.png"; sourceTree = "<group>"; };
		62DC664117FDE3710034EDC5 /* thumbs-up.png */ = {isa = PBXFileReference; lastKnownFileType = image.png; path = "thumbs-up.png"; sourceTree = "<group>"; };
		62DC664217FDE3710034EDC5 /* comment.png */ = {isa = PBXFileReference; lastKnownFileType = image.png; path = comment.png; sourceTree = "<group>"; };
		62ECC96B17FD003100FA0422 /* RatingAnnotationView.h */ = {isa = PBXFileReference; fileEncoding = 4; lastKnownFileType = sourcecode.c.h; name = RatingAnnotationView.h; path = Views/RatingAnnotationView.h; sourceTree = "<group>"; };
		62ECC96C17FD003100FA0422 /* RatingAnnotationView.m */ = {isa = PBXFileReference; fileEncoding = 4; lastKnownFileType = sourcecode.c.objc; name = RatingAnnotationView.m; path = Views/RatingAnnotationView.m; sourceTree = "<group>"; };
		62ECC96E17FD043F00FA0422 /* RatingAnnotation.h */ = {isa = PBXFileReference; fileEncoding = 4; lastKnownFileType = sourcecode.c.h; name = RatingAnnotation.h; path = Views/RatingAnnotation.h; sourceTree = "<group>"; };
		62ECC96F17FD043F00FA0422 /* RatingAnnotation.m */ = {isa = PBXFileReference; fileEncoding = 4; lastKnownFileType = sourcecode.c.objc; name = RatingAnnotation.m; path = Views/RatingAnnotation.m; sourceTree = "<group>"; };
		62ECC97217FD08AA00FA0422 /* meh-annotation@2x.png */ = {isa = PBXFileReference; lastKnownFileType = image.png; path = "meh-annotation@2x.png"; sourceTree = "<group>"; };
		62ECC97417FD096000FA0422 /* biohazard-annotation.png */ = {isa = PBXFileReference; lastKnownFileType = image.png; path = "biohazard-annotation.png"; sourceTree = "<group>"; };
		62ECC97517FD096000FA0422 /* biohazard-annotation@2x.png */ = {isa = PBXFileReference; lastKnownFileType = image.png; path = "biohazard-annotation@2x.png"; sourceTree = "<group>"; };
		62ECC97617FD096000FA0422 /* meh-annotation.png */ = {isa = PBXFileReference; lastKnownFileType = image.png; path = "meh-annotation.png"; sourceTree = "<group>"; };
		62ECC97717FD096000FA0422 /* sad-annotation.png */ = {isa = PBXFileReference; lastKnownFileType = image.png; path = "sad-annotation.png"; sourceTree = "<group>"; };
		62ECC97817FD096000FA0422 /* sad-annotation@2x.png */ = {isa = PBXFileReference; lastKnownFileType = image.png; path = "sad-annotation@2x.png"; sourceTree = "<group>"; };
		957964F3EE87490BBF7BDC38 /* Pods.xcconfig */ = {isa = PBXFileReference; includeInIndex = 1; lastKnownFileType = text.xcconfig; name = Pods.xcconfig; path = Pods/Pods.xcconfig; sourceTree = "<group>"; };
		C81A61CA6E5F4861A566CB15 /* libPods.a */ = {isa = PBXFileReference; explicitFileType = archive.ar; includeInIndex = 0; path = libPods.a; sourceTree = BUILT_PRODUCTS_DIR; };
/* End PBXFileReference section */

/* Begin PBXFrameworksBuildPhase section */
		62DC117417FB2F76006FB4A4 /* Frameworks */ = {
			isa = PBXFrameworksBuildPhase;
			buildActionMask = 2147483647;
			files = (
				629EE1011804C19400DF50DB /* libkeep-sdk.a in Frameworks */,
				62DC117D17FB2F76006FB4A4 /* CoreGraphics.framework in Frameworks */,
				62DC117F17FB2F76006FB4A4 /* UIKit.framework in Frameworks */,
				62DC11B117FB3923006FB4A4 /* MapKit.framework in Frameworks */,
				62DC117B17FB2F76006FB4A4 /* Foundation.framework in Frameworks */,
				E9DCBE8FE91A4358835ED631 /* libPods.a in Frameworks */,
			);
			runOnlyForDeploymentPostprocessing = 0;
		};
		62DC118F17FB2F76006FB4A4 /* Frameworks */ = {
			isa = PBXFrameworksBuildPhase;
			buildActionMask = 2147483647;
			files = (
				62DC119417FB2F76006FB4A4 /* XCTest.framework in Frameworks */,
				62DC119617FB2F76006FB4A4 /* UIKit.framework in Frameworks */,
				62DC119517FB2F76006FB4A4 /* Foundation.framework in Frameworks */,
			);
			runOnlyForDeploymentPostprocessing = 0;
		};
/* End PBXFrameworksBuildPhase section */

/* Begin PBXGroup section */
		6217B79F180359A600194120 /* Annotations */ = {
			isa = PBXGroup;
			children = (
				62ECC96B17FD003100FA0422 /* RatingAnnotationView.h */,
				62ECC96C17FD003100FA0422 /* RatingAnnotationView.m */,
				6217B7A0180359BD00194120 /* HeatmapAnnotationView.h */,
				6217B7A1180359BD00194120 /* HeatmapAnnotationView.m */,
			);
			name = Annotations;
			sourceTree = "<group>";
		};
		629EE1031804C25000DF50DB /* Products */ = {
			isa = PBXGroup;
			children = (
				629EE1081804C25000DF50DB /* libkeep-sdk.a */,
				629EE10A1804C25000DF50DB /* keep-sdkTests.xctest */,
			);
			name = Products;
			sourceTree = "<group>";
		};
		62DC116E17FB2F76006FB4A4 = {
			isa = PBXGroup;
			children = (
				629EE1021804C25000DF50DB /* keep-sdk.xcodeproj */,
				62DC118017FB2F76006FB4A4 /* myoasis */,
				62DC119917FB2F76006FB4A4 /* myoasisTests */,
				62DC117917FB2F76006FB4A4 /* Frameworks */,
				62DC117817FB2F76006FB4A4 /* Products */,
				957964F3EE87490BBF7BDC38 /* Pods.xcconfig */,
			);
			sourceTree = "<group>";
		};
		62DC117817FB2F76006FB4A4 /* Products */ = {
			isa = PBXGroup;
			children = (
				62DC117717FB2F76006FB4A4 /* myoasis.app */,
				62DC119217FB2F76006FB4A4 /* myoasisTests.xctest */,
			);
			name = Products;
			sourceTree = "<group>";
		};
		62DC117917FB2F76006FB4A4 /* Frameworks */ = {
			isa = PBXGroup;
			children = (
				629EE1001804C19400DF50DB /* libkeep-sdk.a */,
				629EE0FC1804BACA00DF50DB /* libkeep-sdk.a */,
				629EE0F81804B7BD00DF50DB /* libkeep-sdk.a */,
				62DC11B017FB3923006FB4A4 /* MapKit.framework */,
				62DC117A17FB2F76006FB4A4 /* Foundation.framework */,
				62DC117C17FB2F76006FB4A4 /* CoreGraphics.framework */,
				62DC117E17FB2F76006FB4A4 /* UIKit.framework */,
				62DC119317FB2F76006FB4A4 /* XCTest.framework */,
				C81A61CA6E5F4861A566CB15 /* libPods.a */,
			);
			name = Frameworks;
			sourceTree = "<group>";
		};
		62DC118017FB2F76006FB4A4 /* myoasis */ = {
			isa = PBXGroup;
			children = (
				62DC11B617FB39B4006FB4A4 /* Classes */,
				62DC118C17FB2F76006FB4A4 /* Images.xcassets */,
				62DC118117FB2F76006FB4A4 /* Supporting Files */,
				62DC11BE17FB565A006FB4A4 /* Resources */,
				62DC11AD17FB3467006FB4A4 /* XIBs */,
			);
			path = myoasis;
			sourceTree = "<group>";
		};
		62DC118117FB2F76006FB4A4 /* Supporting Files */ = {
			isa = PBXGroup;
			children = (
				62DC118217FB2F76006FB4A4 /* myoasis-Info.plist */,
				62DC118317FB2F76006FB4A4 /* InfoPlist.strings */,
				62DC118617FB2F76006FB4A4 /* main.m */,
				62DC118817FB2F76006FB4A4 /* myoasis-Prefix.pch */,
			);
			name = "Supporting Files";
			sourceTree = "<group>";
		};
		62DC119917FB2F76006FB4A4 /* myoasisTests */ = {
			isa = PBXGroup;
			children = (
				62DC119F17FB2F76006FB4A4 /* myoasisTests.m */,
				62DC119A17FB2F76006FB4A4 /* Supporting Files */,
			);
			path = myoasisTests;
			sourceTree = "<group>";
		};
		62DC119A17FB2F76006FB4A4 /* Supporting Files */ = {
			isa = PBXGroup;
			children = (
				62DC119B17FB2F76006FB4A4 /* myoasisTests-Info.plist */,
				62DC119C17FB2F76006FB4A4 /* InfoPlist.strings */,
			);
			name = "Supporting Files";
			sourceTree = "<group>";
		};
		62DC11AD17FB3467006FB4A4 /* XIBs */ = {
			isa = PBXGroup;
			children = (
				62DC11AB17FB3461006FB4A4 /* MainNavView.xib */,
				62DC11AE17FB3873006FB4A4 /* LocalMapView.xib */,
				62DC11C317FB6D2B006FB4A4 /* MainMenu.xib */,
			);
			name = XIBs;
			sourceTree = "<group>";
		};
		62DC11B517FB39A9006FB4A4 /* Controllers */ = {
			isa = PBXGroup;
			children = (
				62DC11B217FB39A4006FB4A4 /* LocalMapViewController.h */,
				62DC11B317FB39A4006FB4A4 /* LocalMapViewController.m */,
				62DC11C517FC8655006FB4A4 /* ImageTaggerViewController.h */,
				62DC11C617FC8655006FB4A4 /* ImageTaggerViewController.m */,
			);
			name = Controllers;
			sourceTree = "<group>";
		};
		62DC11B617FB39B4006FB4A4 /* Classes */ = {
			isa = PBXGroup;
			children = (
				62DC11B517FB39A9006FB4A4 /* Controllers */,
				62DC11BA17FB53E6006FB4A4 /* Views */,
				62DC118917FB2F76006FB4A4 /* AppDelegate.h */,
				62DC118A17FB2F76006FB4A4 /* AppDelegate.m */,
			);
			name = Classes;
			sourceTree = "<group>";
		};
		62DC11BA17FB53E6006FB4A4 /* Views */ = {
			isa = PBXGroup;
			children = (
				62ECC96E17FD043F00FA0422 /* RatingAnnotation.h */,
				62ECC96F17FD043F00FA0422 /* RatingAnnotation.m */,
				6217B79F180359A600194120 /* Annotations */,
				62DC11BB17FB543E006FB4A4 /* RatingMenuView.h */,
				62DC11BC17FB543E006FB4A4 /* RatingMenuView.m */,
				626B424717FD37600088405A /* RatingDetailView.h */,
				626B424817FD37600088405A /* RatingDetailView.m */,
			);
			name = Views;
			sourceTree = "<group>";
		};
		62DC11BE17FB565A006FB4A4 /* Resources */ = {
			isa = PBXGroup;
			children = (
				62DC663B17FDD56E0034EDC5 /* AnnotationDetailView */,
				62ECC97117FD08A000FA0422 /* Annotation Icons */,
				62DC11D517FC95EA006FB4A4 /* Rating Menu */,
				62DC11D617FC95F5006FB4A4 /* Ratings */,
			);
			path = Resources;
			sourceTree = "<group>";
		};
		62DC11D517FC95EA006FB4A4 /* Rating Menu */ = {
			isa = PBXGroup;
			children = (
				62DC11D017FC9321006FB4A4 /* bg-rating-item-highlighted.png */,
				62DC11D117FC9321006FB4A4 /* bg-rating-item-highlighted@2x.png */,
				62DC11CC17FC913A006FB4A4 /* bg-rating-item.png */,
				62DC11CD17FC913A006FB4A4 /* bg-rating-item@2x.png */,
				62DC11C817FC9017006FB4A4 /* bg-add-rating@2x.png */,
				62DC11C917FC9017006FB4A4 /* bg-add-rating.png */,
			);
			name = "Rating Menu";
			sourceTree = "<group>";
		};
		62DC11D617FC95F5006FB4A4 /* Ratings */ = {
			isa = PBXGroup;
			children = (
				62DC11DB17FC96D9006FB4A4 /* meh.png */,
				62DC11DC17FC96D9006FB4A4 /* meh@2x.png */,
				62DC11D717FC95FE006FB4A4 /* biohazard.png */,
				62DC11D817FC95FE006FB4A4 /* biohazard@2x.png */,
				62DC11BF17FB565A006FB4A4 /* sad.png */,
				62DC11C017FB565A006FB4A4 /* sad@2x.png */,
			);
			name = Ratings;
			sourceTree = "<group>";
		};
		62DC663B17FDD56E0034EDC5 /* AnnotationDetailView */ = {
			isa = PBXGroup;
			children = (
				62DC663E17FDE3710034EDC5 /* thumbs-down@2x.png */,
				62DC663F17FDE3710034EDC5 /* thumbs-down.png */,
				62DC664017FDE3710034EDC5 /* thumbs-up@2x.png */,
				62DC664117FDE3710034EDC5 /* thumbs-up.png */,
				62DC664217FDE3710034EDC5 /* comment.png */,
				62DC663C17FDD56E0034EDC5 /* comment@2x.png */,
			);
			path = AnnotationDetailView;
			sourceTree = "<group>";
		};
		62ECC97117FD08A000FA0422 /* Annotation Icons */ = {
			isa = PBXGroup;
			children = (
				6217B7A318035AB100194120 /* heatmap.png */,
				6217B79D1803591A00194120 /* heatmap@2x.png */,
				62ECC97417FD096000FA0422 /* biohazard-annotation.png */,
				62ECC97517FD096000FA0422 /* biohazard-annotation@2x.png */,
				62ECC97617FD096000FA0422 /* meh-annotation.png */,
				62ECC97717FD096000FA0422 /* sad-annotation.png */,
				62ECC97817FD096000FA0422 /* sad-annotation@2x.png */,
				62ECC97217FD08AA00FA0422 /* meh-annotation@2x.png */,
			);
			name = "Annotation Icons";
			sourceTree = "<group>";
		};
/* End PBXGroup section */

/* Begin PBXNativeTarget section */
		62DC117617FB2F76006FB4A4 /* myoasis */ = {
			isa = PBXNativeTarget;
			buildConfigurationList = 62DC11A317FB2F76006FB4A4 /* Build configuration list for PBXNativeTarget "myoasis" */;
			buildPhases = (
				BA4AD2E2C8DC47C1AF57E204 /* Check Pods Manifest.lock */,
				62DC117317FB2F76006FB4A4 /* Sources */,
				62DC117417FB2F76006FB4A4 /* Frameworks */,
				62DC117517FB2F76006FB4A4 /* Resources */,
				4EF3177BBA2B42568D687DF0 /* Copy Pods Resources */,
			);
			buildRules = (
			);
			dependencies = (
				629EE10C1804C2CF00DF50DB /* PBXTargetDependency */,
			);
			name = myoasis;
			productName = myoasis;
			productReference = 62DC117717FB2F76006FB4A4 /* myoasis.app */;
			productType = "com.apple.product-type.application";
		};
		62DC119117FB2F76006FB4A4 /* myoasisTests */ = {
			isa = PBXNativeTarget;
			buildConfigurationList = 62DC11A617FB2F76006FB4A4 /* Build configuration list for PBXNativeTarget "myoasisTests" */;
			buildPhases = (
				62DC118E17FB2F76006FB4A4 /* Sources */,
				62DC118F17FB2F76006FB4A4 /* Frameworks */,
				62DC119017FB2F76006FB4A4 /* Resources */,
			);
			buildRules = (
			);
			dependencies = (
				62DC119817FB2F76006FB4A4 /* PBXTargetDependency */,
			);
			name = myoasisTests;
			productName = myoasisTests;
			productReference = 62DC119217FB2F76006FB4A4 /* myoasisTests.xctest */;
			productType = "com.apple.product-type.bundle.unit-test";
		};
/* End PBXNativeTarget section */

/* Begin PBXProject section */
		62DC116F17FB2F76006FB4A4 /* Project object */ = {
			isa = PBXProject;
			attributes = {
				LastUpgradeCheck = 0500;
				ORGANIZATIONNAME = DHLabs;
				TargetAttributes = {
					62DC117617FB2F76006FB4A4 = {
						DevelopmentTeam = G6N9EFGLR9;
						SystemCapabilities = {
							com.apple.iOS = {
								enabled = 1;
							};
						};
					};
					62DC119117FB2F76006FB4A4 = {
						TestTargetID = 62DC117617FB2F76006FB4A4;
					};
				};
			};
			buildConfigurationList = 62DC117217FB2F76006FB4A4 /* Build configuration list for PBXProject "myoasis" */;
			compatibilityVersion = "Xcode 3.2";
			developmentRegion = English;
			hasScannedForEncodings = 0;
			knownRegions = (
				en,
			);
			mainGroup = 62DC116E17FB2F76006FB4A4;
			productRefGroup = 62DC117817FB2F76006FB4A4 /* Products */;
			projectDirPath = "";
			projectReferences = (
				{
					ProductGroup = 629EE1031804C25000DF50DB /* Products */;
					ProjectRef = 629EE1021804C25000DF50DB /* keep-sdk.xcodeproj */;
				},
			);
			projectRoot = "";
			targets = (
				62DC117617FB2F76006FB4A4 /* myoasis */,
				62DC119117FB2F76006FB4A4 /* myoasisTests */,
			);
		};
/* End PBXProject section */

/* Begin PBXReferenceProxy section */
		629EE1081804C25000DF50DB /* libkeep-sdk.a */ = {
			isa = PBXReferenceProxy;
			fileType = archive.ar;
			path = "libkeep-sdk.a";
			remoteRef = 629EE1071804C25000DF50DB /* PBXContainerItemProxy */;
			sourceTree = BUILT_PRODUCTS_DIR;
		};
		629EE10A1804C25000DF50DB /* keep-sdkTests.xctest */ = {
			isa = PBXReferenceProxy;
			fileType = wrapper.cfbundle;
			path = "keep-sdkTests.xctest";
			remoteRef = 629EE1091804C25000DF50DB /* PBXContainerItemProxy */;
			sourceTree = BUILT_PRODUCTS_DIR;
		};
/* End PBXReferenceProxy section */

/* Begin PBXResourcesBuildPhase section */
		62DC117517FB2F76006FB4A4 /* Resources */ = {
			isa = PBXResourcesBuildPhase;
			buildActionMask = 2147483647;
			files = (
				62DC11AC17FB3461006FB4A4 /* MainNavView.xib in Resources */,
				62DC11C217FB565A006FB4A4 /* sad@2x.png in Resources */,
				62DC11DE17FC96D9006FB4A4 /* meh@2x.png in Resources */,
				62DC11CF17FC913A006FB4A4 /* bg-rating-item@2x.png in Resources */,
				62DC664317FDE3710034EDC5 /* thumbs-down@2x.png in Resources */,
				62DC664517FDE3710034EDC5 /* thumbs-up@2x.png in Resources */,
				6217B7A418035AB100194120 /* heatmap.png in Resources */,
				62ECC97917FD096000FA0422 /* biohazard-annotation.png in Resources */,
				62DC11D317FC9321006FB4A4 /* bg-rating-item-highlighted@2x.png in Resources */,
				62DC11DD17FC96D9006FB4A4 /* meh.png in Resources */,
				62ECC97C17FD096000FA0422 /* sad-annotation.png in Resources */,
				62ECC97B17FD096000FA0422 /* meh-annotation.png in Resources */,
				62DC664717FDE3710034EDC5 /* comment.png in Resources */,
				62DC11CA17FC9017006FB4A4 /* bg-add-rating@2x.png in Resources */,
				62DC11CB17FC9017006FB4A4 /* bg-add-rating.png in Resources */,
				62DC664617FDE3710034EDC5 /* thumbs-up.png in Resources */,
				62DC664417FDE3710034EDC5 /* thumbs-down.png in Resources */,
				62DC11CE17FC913A006FB4A4 /* bg-rating-item.png in Resources */,
				62DC11D217FC9321006FB4A4 /* bg-rating-item-highlighted.png in Resources */,
				62DC11AF17FB3873006FB4A4 /* LocalMapView.xib in Resources */,
				62DC11C117FB565A006FB4A4 /* sad.png in Resources */,
				62DC118517FB2F76006FB4A4 /* InfoPlist.strings in Resources */,
				62DC11C417FB6D2B006FB4A4 /* MainMenu.xib in Resources */,
				62ECC97317FD08AA00FA0422 /* meh-annotation@2x.png in Resources */,
				62ECC97A17FD096000FA0422 /* biohazard-annotation@2x.png in Resources */,
				62DC11D917FC95FE006FB4A4 /* biohazard.png in Resources */,
				6217B79E1803591A00194120 /* heatmap@2x.png in Resources */,
				62DC11DA17FC95FE006FB4A4 /* biohazard@2x.png in Resources */,
				62DC118D17FB2F76006FB4A4 /* Images.xcassets in Resources */,
				62DC663D17FDD56E0034EDC5 /* comment@2x.png in Resources */,
				62ECC97D17FD096000FA0422 /* sad-annotation@2x.png in Resources */,
			);
			runOnlyForDeploymentPostprocessing = 0;
		};
		62DC119017FB2F76006FB4A4 /* Resources */ = {
			isa = PBXResourcesBuildPhase;
			buildActionMask = 2147483647;
			files = (
				62DC119E17FB2F76006FB4A4 /* InfoPlist.strings in Resources */,
			);
			runOnlyForDeploymentPostprocessing = 0;
		};
/* End PBXResourcesBuildPhase section */

/* Begin PBXShellScriptBuildPhase section */
		4EF3177BBA2B42568D687DF0 /* Copy Pods Resources */ = {
			isa = PBXShellScriptBuildPhase;
			buildActionMask = 2147483647;
			files = (
			);
			inputPaths = (
			);
			name = "Copy Pods Resources";
			outputPaths = (
			);
			runOnlyForDeploymentPostprocessing = 0;
			shellPath = /bin/sh;
			shellScript = "\"${SRCROOT}/Pods/Pods-resources.sh\"\n";
			showEnvVarsInLog = 0;
		};
		BA4AD2E2C8DC47C1AF57E204 /* Check Pods Manifest.lock */ = {
			isa = PBXShellScriptBuildPhase;
			buildActionMask = 2147483647;
			files = (
			);
			inputPaths = (
			);
			name = "Check Pods Manifest.lock";
			outputPaths = (
			);
			runOnlyForDeploymentPostprocessing = 0;
			shellPath = /bin/sh;
			shellScript = "diff \"${PODS_ROOT}/../Podfile.lock\" \"${PODS_ROOT}/Manifest.lock\" > /dev/null\nif [[ $? != 0 ]] ; then\n    cat << EOM\nerror: The sandbox is not in sync with the Podfile.lock. Run 'pod install' or update your CocoaPods installation.\nEOM\n    exit 1\nfi\n";
			showEnvVarsInLog = 0;
		};
/* End PBXShellScriptBuildPhase section */

/* Begin PBXSourcesBuildPhase section */
		62DC117317FB2F76006FB4A4 /* Sources */ = {
			isa = PBXSourcesBuildPhase;
			buildActionMask = 2147483647;
			files = (
				626B424917FD37600088405A /* RatingDetailView.m in Sources */,
				62DC11BD17FB543E006FB4A4 /* RatingMenuView.m in Sources */,
				62DC11C717FC8655006FB4A4 /* ImageTaggerViewController.m in Sources */,
				62DC11B417FB39A4006FB4A4 /* LocalMapViewController.m in Sources */,
				6217B7A2180359BD00194120 /* HeatmapAnnotationView.m in Sources */,
				62DC118B17FB2F76006FB4A4 /* AppDelegate.m in Sources */,
				62ECC97017FD043F00FA0422 /* RatingAnnotation.m in Sources */,
				62DC118717FB2F76006FB4A4 /* main.m in Sources */,
				62ECC96D17FD003100FA0422 /* RatingAnnotationView.m in Sources */,
			);
			runOnlyForDeploymentPostprocessing = 0;
		};
		62DC118E17FB2F76006FB4A4 /* Sources */ = {
			isa = PBXSourcesBuildPhase;
			buildActionMask = 2147483647;
			files = (
				62DC11A017FB2F76006FB4A4 /* myoasisTests.m in Sources */,
			);
			runOnlyForDeploymentPostprocessing = 0;
		};
/* End PBXSourcesBuildPhase section */

/* Begin PBXTargetDependency section */
		629EE10C1804C2CF00DF50DB /* PBXTargetDependency */ = {
			isa = PBXTargetDependency;
			name = "keep-sdk";
			targetProxy = 629EE10B1804C2CF00DF50DB /* PBXContainerItemProxy */;
		};
		62DC119817FB2F76006FB4A4 /* PBXTargetDependency */ = {
			isa = PBXTargetDependency;
			target = 62DC117617FB2F76006FB4A4 /* myoasis */;
			targetProxy = 62DC119717FB2F76006FB4A4 /* PBXContainerItemProxy */;
		};
/* End PBXTargetDependency section */

/* Begin PBXVariantGroup section */
		62DC118317FB2F76006FB4A4 /* InfoPlist.strings */ = {
			isa = PBXVariantGroup;
			children = (
				62DC118417FB2F76006FB4A4 /* en */,
			);
			name = InfoPlist.strings;
			sourceTree = "<group>";
		};
		62DC119C17FB2F76006FB4A4 /* InfoPlist.strings */ = {
			isa = PBXVariantGroup;
			children = (
				62DC119D17FB2F76006FB4A4 /* en */,
			);
			name = InfoPlist.strings;
			sourceTree = "<group>";
		};
/* End PBXVariantGroup section */

/* Begin XCBuildConfiguration section */
		62DC11A117FB2F76006FB4A4 /* Debug */ = {
			isa = XCBuildConfiguration;
			buildSettings = {
				ALWAYS_SEARCH_USER_PATHS = NO;
				ARCHS = "$(ARCHS_STANDARD)";
				CLANG_CXX_LANGUAGE_STANDARD = "gnu++0x";
				CLANG_CXX_LIBRARY = "libc++";
				CLANG_ENABLE_MODULES = YES;
				CLANG_ENABLE_OBJC_ARC = YES;
				CLANG_WARN_BOOL_CONVERSION = YES;
				CLANG_WARN_CONSTANT_CONVERSION = YES;
				CLANG_WARN_DIRECT_OBJC_ISA_USAGE = YES_ERROR;
				CLANG_WARN_EMPTY_BODY = YES;
				CLANG_WARN_ENUM_CONVERSION = YES;
				CLANG_WARN_INT_CONVERSION = YES;
				CLANG_WARN_OBJC_ROOT_CLASS = YES_ERROR;
				CLANG_WARN__DUPLICATE_METHOD_MATCH = YES;
				"CODE_SIGN_IDENTITY[sdk=iphoneos*]" = "iPhone Developer";
				COPY_PHASE_STRIP = NO;
				GCC_C_LANGUAGE_STANDARD = gnu99;
				GCC_DYNAMIC_NO_PIC = NO;
				GCC_OPTIMIZATION_LEVEL = 0;
				GCC_PREPROCESSOR_DEFINITIONS = (
					"DEBUG=1",
					"$(inherited)",
				);
				GCC_SYMBOLS_PRIVATE_EXTERN = NO;
				GCC_WARN_64_TO_32_BIT_CONVERSION = YES;
				GCC_WARN_ABOUT_RETURN_TYPE = YES_ERROR;
				GCC_WARN_UNDECLARED_SELECTOR = YES;
				GCC_WARN_UNINITIALIZED_AUTOS = YES;
				GCC_WARN_UNUSED_FUNCTION = YES;
				GCC_WARN_UNUSED_VARIABLE = YES;
				IPHONEOS_DEPLOYMENT_TARGET = 7.0;
				ONLY_ACTIVE_ARCH = YES;
				SDKROOT = iphoneos;
			};
			name = Debug;
		};
		62DC11A217FB2F76006FB4A4 /* Release */ = {
			isa = XCBuildConfiguration;
			buildSettings = {
				ALWAYS_SEARCH_USER_PATHS = NO;
				ARCHS = "$(ARCHS_STANDARD)";
				CLANG_CXX_LANGUAGE_STANDARD = "gnu++0x";
				CLANG_CXX_LIBRARY = "libc++";
				CLANG_ENABLE_MODULES = YES;
				CLANG_ENABLE_OBJC_ARC = YES;
				CLANG_WARN_BOOL_CONVERSION = YES;
				CLANG_WARN_CONSTANT_CONVERSION = YES;
				CLANG_WARN_DIRECT_OBJC_ISA_USAGE = YES_ERROR;
				CLANG_WARN_EMPTY_BODY = YES;
				CLANG_WARN_ENUM_CONVERSION = YES;
				CLANG_WARN_INT_CONVERSION = YES;
				CLANG_WARN_OBJC_ROOT_CLASS = YES_ERROR;
				CLANG_WARN__DUPLICATE_METHOD_MATCH = YES;
				"CODE_SIGN_IDENTITY[sdk=iphoneos*]" = "iPhone Distribution: Robert G. Spencer, M.D., A Professional Corporation";
				COPY_PHASE_STRIP = YES;
				ENABLE_NS_ASSERTIONS = NO;
				GCC_C_LANGUAGE_STANDARD = gnu99;
				GCC_WARN_64_TO_32_BIT_CONVERSION = YES;
				GCC_WARN_ABOUT_RETURN_TYPE = YES_ERROR;
				GCC_WARN_UNDECLARED_SELECTOR = YES;
				GCC_WARN_UNINITIALIZED_AUTOS = YES;
				GCC_WARN_UNUSED_FUNCTION = YES;
				GCC_WARN_UNUSED_VARIABLE = YES;
				IPHONEOS_DEPLOYMENT_TARGET = 7.0;
				SDKROOT = iphoneos;
				VALIDATE_PRODUCT = YES;
			};
			name = Release;
		};
		62DC11A417FB2F76006FB4A4 /* Debug */ = {
			isa = XCBuildConfiguration;
			baseConfigurationReference = 957964F3EE87490BBF7BDC38 /* Pods.xcconfig */;
			buildSettings = {
				ASSETCATALOG_COMPILER_APPICON_NAME = AppIcon;
				ASSETCATALOG_COMPILER_LAUNCHIMAGE_NAME = LaunchImage;
				CODE_SIGN_IDENTITY = "iPhone Developer";
				GCC_PRECOMPILE_PREFIX_HEADER = YES;
				GCC_PREFIX_HEADER = "myoasis/myoasis-Prefix.pch";
				HEADER_SEARCH_PATHS = (
					"\"${PODS_ROOT}/Headers\"",
					"\"${PODS_ROOT}/Headers/AFNetworking\"",
					"\"${PODS_ROOT}/Headers/AwesomeMenu\"",
					"\"${PODS_ROOT}/Headers/JSONKit\"",
				);
				INFOPLIST_FILE = "myoasis/myoasis-Info.plist";
				IPHONEOS_DEPLOYMENT_TARGET = 6.1;
				PRODUCT_NAME = "$(TARGET_NAME)";
				WRAPPER_EXTENSION = app;
			};
			name = Debug;
		};
		62DC11A517FB2F76006FB4A4 /* Release */ = {
			isa = XCBuildConfiguration;
			baseConfigurationReference = 957964F3EE87490BBF7BDC38 /* Pods.xcconfig */;
			buildSettings = {
				ASSETCATALOG_COMPILER_APPICON_NAME = AppIcon;
				ASSETCATALOG_COMPILER_LAUNCHIMAGE_NAME = LaunchImage;
				CODE_SIGN_IDENTITY = "iPhone Developer";
				GCC_PRECOMPILE_PREFIX_HEADER = YES;
				GCC_PREFIX_HEADER = "myoasis/myoasis-Prefix.pch";
				HEADER_SEARCH_PATHS = (
					"\"${PODS_ROOT}/Headers\"",
					"\"${PODS_ROOT}/Headers/AFNetworking\"",
					"\"${PODS_ROOT}/Headers/AwesomeMenu\"",
					"\"${PODS_ROOT}/Headers/JSONKit\"",
					"\"$(BUILT_PRODUCTS_DIR)/include\"",
				);
				INFOPLIST_FILE = "myoasis/myoasis-Info.plist";
				IPHONEOS_DEPLOYMENT_TARGET = 6.1;
				PRODUCT_NAME = "$(TARGET_NAME)";
				WRAPPER_EXTENSION = app;
			};
			name = Release;
		};
		62DC11A717FB2F76006FB4A4 /* Debug */ = {
			isa = XCBuildConfiguration;
			buildSettings = {
				ARCHS = "$(ARCHS_STANDARD_INCLUDING_64_BIT)";
				BUNDLE_LOADER = "$(BUILT_PRODUCTS_DIR)/myoasis.app/myoasis";
				FRAMEWORK_SEARCH_PATHS = (
					"$(SDKROOT)/Developer/Library/Frameworks",
					"$(inherited)",
					"$(DEVELOPER_FRAMEWORKS_DIR)",
				);
				GCC_PRECOMPILE_PREFIX_HEADER = YES;
				GCC_PREFIX_HEADER = "myoasis/myoasis-Prefix.pch";
				GCC_PREPROCESSOR_DEFINITIONS = (
					"DEBUG=1",
					"$(inherited)",
				);
				INFOPLIST_FILE = "myoasisTests/myoasisTests-Info.plist";
				PRODUCT_NAME = "$(TARGET_NAME)";
				TEST_HOST = "$(BUNDLE_LOADER)";
				WRAPPER_EXTENSION = xctest;
			};
			name = Debug;
		};
		62DC11A817FB2F76006FB4A4 /* Release */ = {
			isa = XCBuildConfiguration;
			buildSettings = {
				ARCHS = "$(ARCHS_STANDARD_INCLUDING_64_BIT)";
				BUNDLE_LOADER = "$(BUILT_PRODUCTS_DIR)/myoasis.app/myoasis";
				FRAMEWORK_SEARCH_PATHS = (
					"$(SDKROOT)/Developer/Library/Frameworks",
					"$(inherited)",
					"$(DEVELOPER_FRAMEWORKS_DIR)",
				);
				GCC_PRECOMPILE_PREFIX_HEADER = YES;
				GCC_PREFIX_HEADER = "myoasis/myoasis-Prefix.pch";
				INFOPLIST_FILE = "myoasisTests/myoasisTests-Info.plist";
				PRODUCT_NAME = "$(TARGET_NAME)";
				TEST_HOST = "$(BUNDLE_LOADER)";
				WRAPPER_EXTENSION = xctest;
			};
			name = Release;
		};
/* End XCBuildConfiguration section */

/* Begin XCConfigurationList section */
		62DC117217FB2F76006FB4A4 /* Build configuration list for PBXProject "myoasis" */ = {
			isa = XCConfigurationList;
			buildConfigurations = (
				62DC11A117FB2F76006FB4A4 /* Debug */,
				62DC11A217FB2F76006FB4A4 /* Release */,
			);
			defaultConfigurationIsVisible = 0;
			defaultConfigurationName = Release;
		};
		62DC11A317FB2F76006FB4A4 /* Build configuration list for PBXNativeTarget "myoasis" */ = {
			isa = XCConfigurationList;
			buildConfigurations = (
				62DC11A417FB2F76006FB4A4 /* Debug */,
				62DC11A517FB2F76006FB4A4 /* Release */,
			);
			defaultConfigurationIsVisible = 0;
			defaultConfigurationName = Release;
		};
		62DC11A617FB2F76006FB4A4 /* Build configuration list for PBXNativeTarget "myoasisTests" */ = {
			isa = XCConfigurationList;
			buildConfigurations = (
				62DC11A717FB2F76006FB4A4 /* Debug */,
				62DC11A817FB2F76006FB4A4 /* Release */,
			);
			defaultConfigurationIsVisible = 0;
			defaultConfigurationName = Release;
		};
/* End XCConfigurationList section */
	};
	rootObject = 62DC116F17FB2F76006FB4A4 /* Project object */;
}
